
Microsoft Visual Studio Solution File, Format Version 12.00
# Visual Studio Version 16
VisualStudioVersion = 16.0.30011.22
MinimumVisualStudioVersion = 10.0.40219.1
Project("{FAE04EC0-301F-11D3-BF4B-00C04F79EFBC}") = "lab3", "lab3.csproj", "{CFDA2650-6E2A-44D1-AC20-913B746DF908}"
EndProject
Global
	GlobalSection(SolutionConfigurationPlatforms) = preSolution
		Debug|Any CPU = Debug|Any CPU
		Release|Any CPU = Release|Any CPU
	EndGlobalSection
	GlobalSection(ProjectConfigurationPlatforms) = postSolution
		{CFDA2650-6E2A-44D1-AC20-913B746DF908}.Debug|Any CPU.ActiveCfg = Debug|Any CPU
		{CFDA2650-6E2A-44D1-AC20-913B746DF908}.Debug|Any CPU.Build.0 = Debug|Any CPU
		{CFDA2650-6E2A-44D1-AC20-913B746DF908}.Release|Any CPU.ActiveCfg = Release|Any CPU
		{CFDA2650-6E2A-44D1-AC20-913B746DF908}.Release|Any CPU.Build.0 = Release|Any CPU
	EndGlobalSection
	GlobalSection(SolutionProperties) = preSolution
		HideSolutionNode = FALSE
	EndGlobalSection
	GlobalSection(ExtensibilityGlobals) = postSolution
		SolutionGuid = {B97BA57F-1E0B-420A-8549-E785BAB41CA1}
	EndGlobalSection
EndGlobal
